// !$*UTF8*$!
{
	archiveVersion = 1;
	classes = {
	};
	objectVersion = 52;
	objects = {

/* Begin PBXBuildFile section */
		ED25B16724E719B700371D24 /* AppDelegate.swift in Sources */ = {isa = PBXBuildFile; fileRef = ED25B16624E719B700371D24 /* AppDelegate.swift */; };
		ED25B16B24E719BC00371D24 /* Assets.xcassets in Resources */ = {isa = PBXBuildFile; fileRef = ED25B16A24E719BC00371D24 /* Assets.xcassets */; };
		ED25B17924E7213C00371D24 /* CalView.swift in Sources */ = {isa = PBXBuildFile; fileRef = ED25B17824E7213C00371D24 /* CalView.swift */; };
		ED3A0B6F261BE89400A44DAE /* Sparkle.framework in Frameworks */ = {isa = PBXBuildFile; fileRef = ED3A0B6D261BE88C00A44DAE /* Sparkle.framework */; };
		ED3A0B70261BE89400A44DAE /* Sparkle.framework in Embed Frameworks */ = {isa = PBXBuildFile; fileRef = ED3A0B6D261BE88C00A44DAE /* Sparkle.framework */; settings = {ATTRIBUTES = (CodeSignOnCopy, RemoveHeadersOnCopy, ); }; };
		ED3A0B89261E1A8100A44DAE /* ToolbarView.swift in Sources */ = {isa = PBXBuildFile; fileRef = ED3A0B88261E1A8100A44DAE /* ToolbarView.swift */; };
		ED6536C9261FE475003FD322 /* Toolbar.swift in Sources */ = {isa = PBXBuildFile; fileRef = ED6536C8261FE475003FD322 /* Toolbar.swift */; };
		ED6536FD2620B1F7003FD322 /* GeneralTab.swift in Sources */ = {isa = PBXBuildFile; fileRef = ED6536FC2620B1F7003FD322 /* GeneralTab.swift */; };
		ED6537002620B298003FD322 /* DonateTab.swift in Sources */ = {isa = PBXBuildFile; fileRef = ED6536FF2620B298003FD322 /* DonateTab.swift */; };
		ED6537032620B2CB003FD322 /* UpdateTab.swift in Sources */ = {isa = PBXBuildFile; fileRef = ED6537022620B2CB003FD322 /* UpdateTab.swift */; };
		ED6537062620D656003FD322 /* Test.swift in Sources */ = {isa = PBXBuildFile; fileRef = ED6537052620D656003FD322 /* Test.swift */; };
		ED6A43B0261AAA7200067D18 /* KeyboardShortcuts in Frameworks */ = {isa = PBXBuildFile; productRef = ED6A43AF261AAA7200067D18 /* KeyboardShortcuts */; };
		ED6A43B9261AAC7200067D18 /* Constants.swift in Sources */ = {isa = PBXBuildFile; fileRef = ED6A43B3261AAA7D00067D18 /* Constants.swift */; };
		ED82251624E787230040E115 /* Localizable.strings in Resources */ = {isa = PBXBuildFile; fileRef = ED82251424E787230040E115 /* Localizable.strings */; };
		ED82251D24E78A860040E115 /* Main.storyboard in Resources */ = {isa = PBXBuildFile; fileRef = ED82251C24E78A860040E115 /* Main.storyboard */; };
		ED82255A24E7933F0040E115 /* CalendarHelper.swift in Sources */ = {isa = PBXBuildFile; fileRef = ED82255924E7933F0040E115 /* CalendarHelper.swift */; };
		ED82255C24E9843A0040E115 /* SettingsView.swift in Sources */ = {isa = PBXBuildFile; fileRef = ED82255B24E9843A0040E115 /* SettingsView.swift */; };
		ED82255E24E9B9400040E115 /* DayView.swift in Sources */ = {isa = PBXBuildFile; fileRef = ED82255D24E9B9400040E115 /* DayView.swift */; };
		ED82256224E9E4580040E115 /* WeekView.swift in Sources */ = {isa = PBXBuildFile; fileRef = ED82256124E9E4580040E115 /* WeekView.swift */; };
		ED82256424EA04A80040E115 /* WeekHeaderView.swift in Sources */ = {isa = PBXBuildFile; fileRef = ED82256324EA04A80040E115 /* WeekHeaderView.swift */; };
		ED82256C24EB5FCE0040E115 /* AppDelegate.swift in Sources */ = {isa = PBXBuildFile; fileRef = ED82256B24EB5FCE0040E115 /* AppDelegate.swift */; };
		ED82257324EB5FD50040E115 /* Preview Assets.xcassets in Resources */ = {isa = PBXBuildFile; fileRef = ED82257224EB5FD50040E115 /* Preview Assets.xcassets */; };
		ED82257624EB5FD50040E115 /* Main.storyboard in Resources */ = {isa = PBXBuildFile; fileRef = ED82257424EB5FD50040E115 /* Main.storyboard */; };
		ED82258024EB60680040E115 /* ServiceManagement.framework in Frameworks */ = {isa = PBXBuildFile; fileRef = ED82257F24EB60680040E115 /* ServiceManagement.framework */; };
		ED82258224EB60CF0040E115 /* LoginItemHelper.swift in Sources */ = {isa = PBXBuildFile; fileRef = ED82258124EB60CF0040E115 /* LoginItemHelper.swift */; };
		ED82258524EB61BC0040E115 /* LoginItemHelper.swift in Sources */ = {isa = PBXBuildFile; fileRef = ED82258124EB60CF0040E115 /* LoginItemHelper.swift */; };
		EDC28757261B7A4F006A583D /* UpdaterHelper.swift in Sources */ = {isa = PBXBuildFile; fileRef = EDC28756261B7A4F006A583D /* UpdaterHelper.swift */; };
		EDC28760261B9356006A583D /* CalMenuLauncher.app in CopyFiles */ = {isa = PBXBuildFile; fileRef = ED82256924EB5FCD0040E115 /* CalMenuLauncher.app */; settings = {ATTRIBUTES = (RemoveHeadersOnCopy, ); }; };
		EDC2877F261BC3E7006A583D /* Assets.xcassets in Resources */ = {isa = PBXBuildFile; fileRef = ED25B16A24E719BC00371D24 /* Assets.xcassets */; };
		EDC28795261BCDDC006A583D /* Constants.swift in Sources */ = {isa = PBXBuildFile; fileRef = ED6A43B3261AAA7D00067D18 /* Constants.swift */; };
		EDC28798261BCE14006A583D /* Constants+CalMenu.swift in Sources */ = {isa = PBXBuildFile; fileRef = EDC28791261BCDBF006A583D /* Constants+CalMenu.swift */; };
/* End PBXBuildFile section */

/* Begin PBXContainerItemProxy section */
		EDC28788261BC6A3006A583D /* PBXContainerItemProxy */ = {
			isa = PBXContainerItemProxy;
			containerPortal = ED25B15B24E719B700371D24 /* Project object */;
			proxyType = 1;
			remoteGlobalIDString = ED82256824EB5FCD0040E115;
			remoteInfo = CalMenuLauncher;
		};
/* End PBXContainerItemProxy section */

/* Begin PBXCopyFilesBuildPhase section */
		EDC28753261B74C9006A583D /* Embed Frameworks */ = {
			isa = PBXCopyFilesBuildPhase;
			buildActionMask = 2147483647;
			dstPath = "";
			dstSubfolderSpec = 10;
			files = (
				ED3A0B70261BE89400A44DAE /* Sparkle.framework in Embed Frameworks */,
			);
			name = "Embed Frameworks";
			runOnlyForDeploymentPostprocessing = 0;
		};
		EDC2875E261B9347006A583D /* CopyFiles */ = {
			isa = PBXCopyFilesBuildPhase;
			buildActionMask = 2147483647;
			dstPath = Contents/Library/LoginItems;
			dstSubfolderSpec = 1;
			files = (
				EDC28760261B9356006A583D /* CalMenuLauncher.app in CopyFiles */,
			);
			runOnlyForDeploymentPostprocessing = 0;
		};
/* End PBXCopyFilesBuildPhase section */

/* Begin PBXFileReference section */
		ED25B16324E719B700371D24 /* CalMenu.app */ = {isa = PBXFileReference; explicitFileType = wrapper.application; includeInIndex = 0; path = CalMenu.app; sourceTree = BUILT_PRODUCTS_DIR; };
		ED25B16624E719B700371D24 /* AppDelegate.swift */ = {isa = PBXFileReference; lastKnownFileType = sourcecode.swift; path = AppDelegate.swift; sourceTree = "<group>"; };
		ED25B16A24E719BC00371D24 /* Assets.xcassets */ = {isa = PBXFileReference; lastKnownFileType = folder.assetcatalog; path = Assets.xcassets; sourceTree = "<group>"; };
		ED25B16F24E719BC00371D24 /* Info.plist */ = {isa = PBXFileReference; lastKnownFileType = text.plist.xml; path = Info.plist; sourceTree = "<group>"; };
		ED25B17024E719BC00371D24 /* CalMenu.entitlements */ = {isa = PBXFileReference; lastKnownFileType = text.plist.entitlements; path = CalMenu.entitlements; sourceTree = "<group>"; };
		ED25B17824E7213C00371D24 /* CalView.swift */ = {isa = PBXFileReference; lastKnownFileType = sourcecode.swift; path = CalView.swift; sourceTree = "<group>"; };
		ED3A0B6D261BE88C00A44DAE /* Sparkle.framework */ = {isa = PBXFileReference; lastKnownFileType = wrapper.framework; path = Sparkle.framework; sourceTree = "<group>"; };
		ED3A0B7E261C0E9100A44DAE /* ApplicationServices.framework */ = {isa = PBXFileReference; lastKnownFileType = wrapper.framework; name = ApplicationServices.framework; path = System/Library/Frameworks/ApplicationServices.framework; sourceTree = SDKROOT; };
		ED3A0B85261D4CF900A44DAE /* FUNDING.yml */ = {isa = PBXFileReference; lastKnownFileType = text.yaml; path = FUNDING.yml; sourceTree = "<group>"; };
		ED3A0B86261D5C3900A44DAE /* CHANGELOG.md */ = {isa = PBXFileReference; lastKnownFileType = net.daringfireball.markdown; path = CHANGELOG.md; sourceTree = "<group>"; };
		ED3A0B88261E1A8100A44DAE /* ToolbarView.swift */ = {isa = PBXFileReference; lastKnownFileType = sourcecode.swift; path = ToolbarView.swift; sourceTree = "<group>"; };
		ED6536C8261FE475003FD322 /* Toolbar.swift */ = {isa = PBXFileReference; lastKnownFileType = sourcecode.swift; path = Toolbar.swift; sourceTree = "<group>"; };
		ED6536FC2620B1F7003FD322 /* GeneralTab.swift */ = {isa = PBXFileReference; lastKnownFileType = sourcecode.swift; path = GeneralTab.swift; sourceTree = "<group>"; };
		ED6536FF2620B298003FD322 /* DonateTab.swift */ = {isa = PBXFileReference; lastKnownFileType = sourcecode.swift; path = DonateTab.swift; sourceTree = "<group>"; };
		ED6537022620B2CB003FD322 /* UpdateTab.swift */ = {isa = PBXFileReference; lastKnownFileType = sourcecode.swift; path = UpdateTab.swift; sourceTree = "<group>"; };
		ED6537052620D656003FD322 /* Test.swift */ = {isa = PBXFileReference; lastKnownFileType = sourcecode.swift; path = Test.swift; sourceTree = "<group>"; };
		ED65371026214ECE003FD322 /* Icon.vectornator */ = {isa = PBXFileReference; lastKnownFileType = text; path = Icon.vectornator; sourceTree = "<group>"; };
		ED6A43B3261AAA7D00067D18 /* Constants.swift */ = {isa = PBXFileReference; lastKnownFileType = sourcecode.swift; path = Constants.swift; sourceTree = "<group>"; };
		ED82251524E787230040E115 /* Base */ = {isa = PBXFileReference; lastKnownFileType = text.plist.strings; name = Base; path = CalMenu/Base.lproj/Localizable.strings; sourceTree = "<group>"; };
		ED82251824E787420040E115 /* pt-BR */ = {isa = PBXFileReference; lastKnownFileType = text.plist.strings; name = "pt-BR"; path = "CalMenu/pt-BR.lproj/Localizable.strings"; sourceTree = "<group>"; };
		ED82251C24E78A860040E115 /* Main.storyboard */ = {isa = PBXFileReference; lastKnownFileType = file.storyboard; path = Main.storyboard; sourceTree = "<group>"; };
		ED82255924E7933F0040E115 /* CalendarHelper.swift */ = {isa = PBXFileReference; lastKnownFileType = sourcecode.swift; path = CalendarHelper.swift; sourceTree = "<group>"; };
		ED82255B24E9843A0040E115 /* SettingsView.swift */ = {isa = PBXFileReference; lastKnownFileType = sourcecode.swift; path = SettingsView.swift; sourceTree = "<group>"; };
		ED82255D24E9B9400040E115 /* DayView.swift */ = {isa = PBXFileReference; lastKnownFileType = sourcecode.swift; path = DayView.swift; sourceTree = "<group>"; };
		ED82256124E9E4580040E115 /* WeekView.swift */ = {isa = PBXFileReference; lastKnownFileType = sourcecode.swift; path = WeekView.swift; sourceTree = "<group>"; };
		ED82256324EA04A80040E115 /* WeekHeaderView.swift */ = {isa = PBXFileReference; fileEncoding = 4; lastKnownFileType = sourcecode.swift; path = WeekHeaderView.swift; sourceTree = "<group>"; };
		ED82256924EB5FCD0040E115 /* CalMenuLauncher.app */ = {isa = PBXFileReference; explicitFileType = wrapper.application; includeInIndex = 0; path = CalMenuLauncher.app; sourceTree = BUILT_PRODUCTS_DIR; };
		ED82256B24EB5FCE0040E115 /* AppDelegate.swift */ = {isa = PBXFileReference; lastKnownFileType = sourcecode.swift; path = AppDelegate.swift; sourceTree = "<group>"; };
		ED82257224EB5FD50040E115 /* Preview Assets.xcassets */ = {isa = PBXFileReference; lastKnownFileType = folder.assetcatalog; path = "Preview Assets.xcassets"; sourceTree = "<group>"; };
		ED82257524EB5FD50040E115 /* Base */ = {isa = PBXFileReference; lastKnownFileType = file.storyboard; name = Base; path = Base.lproj/Main.storyboard; sourceTree = "<group>"; };
		ED82257724EB5FD50040E115 /* Info.plist */ = {isa = PBXFileReference; lastKnownFileType = text.plist.xml; path = Info.plist; sourceTree = "<group>"; };
		ED82257824EB5FD50040E115 /* CalMenuLauncher.entitlements */ = {isa = PBXFileReference; lastKnownFileType = text.plist.entitlements; path = CalMenuLauncher.entitlements; sourceTree = "<group>"; };
		ED82257F24EB60680040E115 /* ServiceManagement.framework */ = {isa = PBXFileReference; lastKnownFileType = wrapper.framework; name = ServiceManagement.framework; path = System/Library/Frameworks/ServiceManagement.framework; sourceTree = SDKROOT; };
		ED82258124EB60CF0040E115 /* LoginItemHelper.swift */ = {isa = PBXFileReference; lastKnownFileType = sourcecode.swift; path = LoginItemHelper.swift; sourceTree = "<group>"; };
		EDC28756261B7A4F006A583D /* UpdaterHelper.swift */ = {isa = PBXFileReference; lastKnownFileType = sourcecode.swift; path = UpdaterHelper.swift; sourceTree = "<group>"; };
		EDC2875A261B8044006A583D /* appcast.xml */ = {isa = PBXFileReference; fileEncoding = 4; lastKnownFileType = text.xml; path = appcast.xml; sourceTree = "<group>"; };
		EDC28791261BCDBF006A583D /* Constants+CalMenu.swift */ = {isa = PBXFileReference; lastKnownFileType = sourcecode.swift; path = "Constants+CalMenu.swift"; sourceTree = "<group>"; };
		EDC6795D24F6FC0200502145 /* README.md */ = {isa = PBXFileReference; lastKnownFileType = net.daringfireball.markdown; path = README.md; sourceTree = "<group>"; };
/* End PBXFileReference section */

/* Begin PBXFrameworksBuildPhase section */
		ED25B16024E719B700371D24 /* Frameworks */ = {
			isa = PBXFrameworksBuildPhase;
			buildActionMask = 2147483647;
			files = (
				ED82258024EB60680040E115 /* ServiceManagement.framework in Frameworks */,
				ED3A0B6F261BE89400A44DAE /* Sparkle.framework in Frameworks */,
				ED6A43B0261AAA7200067D18 /* KeyboardShortcuts in Frameworks */,
			);
			runOnlyForDeploymentPostprocessing = 0;
		};
		ED82256624EB5FCD0040E115 /* Frameworks */ = {
			isa = PBXFrameworksBuildPhase;
			buildActionMask = 2147483647;
			files = (
			);
			runOnlyForDeploymentPostprocessing = 0;
		};
/* End PBXFrameworksBuildPhase section */

/* Begin PBXGroup section */
		ED09DB2E261A2BB600906ECE /* Common */ = {
			isa = PBXGroup;
			children = (
				ED6A43B3261AAA7D00067D18 /* Constants.swift */,
				ED82258124EB60CF0040E115 /* LoginItemHelper.swift */,
				EDC28756261B7A4F006A583D /* UpdaterHelper.swift */,
			);
			path = Common;
			sourceTree = "<group>";
		};
		ED25B15A24E719B700371D24 = {
			isa = PBXGroup;
			children = (
				ED65370F26214ECE003FD322 /* assets */,
				ED3A0B84261D4CF900A44DAE /* .github */,
				EDC28759261B8044006A583D /* releases */,
				ED09DB2E261A2BB600906ECE /* Common */,
				EDC6795D24F6FC0200502145 /* README.md */,
				ED3A0B86261D5C3900A44DAE /* CHANGELOG.md */,
				ED25B16524E719B700371D24 /* CalMenu */,
				ED82256A24EB5FCE0040E115 /* CalMenuLauncher */,
				ED25B16424E719B700371D24 /* Products */,
				ED82257E24EB60670040E115 /* Frameworks */,
			);
			sourceTree = "<group>";
		};
		ED25B16424E719B700371D24 /* Products */ = {
			isa = PBXGroup;
			children = (
				ED25B16324E719B700371D24 /* CalMenu.app */,
				ED82256924EB5FCD0040E115 /* CalMenuLauncher.app */,
			);
			name = Products;
			sourceTree = "<group>";
		};
		ED25B16524E719B700371D24 /* CalMenu */ = {
			isa = PBXGroup;
			children = (
				EDC28791261BCDBF006A583D /* Constants+CalMenu.swift */,
				ED25B16624E719B700371D24 /* AppDelegate.swift */,
				ED82255D24E9B9400040E115 /* DayView.swift */,
				ED82256324EA04A80040E115 /* WeekHeaderView.swift */,
				ED82256124E9E4580040E115 /* WeekView.swift */,
				ED25B17824E7213C00371D24 /* CalView.swift */,
				ED82255924E7933F0040E115 /* CalendarHelper.swift */,
				ED6536C8261FE475003FD322 /* Toolbar.swift */,
				ED3A0B88261E1A8100A44DAE /* ToolbarView.swift */,
				ED82255B24E9843A0040E115 /* SettingsView.swift */,
				ED6536FF2620B298003FD322 /* DonateTab.swift */,
				ED6537022620B2CB003FD322 /* UpdateTab.swift */,
				ED6536FC2620B1F7003FD322 /* GeneralTab.swift */,
				ED82251424E787230040E115 /* Localizable.strings */,
				ED25B16A24E719BC00371D24 /* Assets.xcassets */,
				ED82251C24E78A860040E115 /* Main.storyboard */,
				ED25B16F24E719BC00371D24 /* Info.plist */,
				ED25B17024E719BC00371D24 /* CalMenu.entitlements */,
				ED6537052620D656003FD322 /* Test.swift */,
			);
			path = CalMenu;
			sourceTree = "<group>";
		};
		ED3A0B84261D4CF900A44DAE /* .github */ = {
			isa = PBXGroup;
			children = (
				ED3A0B85261D4CF900A44DAE /* FUNDING.yml */,
			);
			path = .github;
			sourceTree = "<group>";
		};
		ED65370F26214ECE003FD322 /* assets */ = {
			isa = PBXGroup;
			children = (
				ED65371026214ECE003FD322 /* Icon.vectornator */,
			);
			path = assets;
			sourceTree = "<group>";
		};
		ED82256A24EB5FCE0040E115 /* CalMenuLauncher */ = {
			isa = PBXGroup;
			children = (
				ED82256B24EB5FCE0040E115 /* AppDelegate.swift */,
				ED82257424EB5FD50040E115 /* Main.storyboard */,
				ED82257724EB5FD50040E115 /* Info.plist */,
				ED82257824EB5FD50040E115 /* CalMenuLauncher.entitlements */,
				ED82257124EB5FD50040E115 /* Preview Content */,
			);
			path = CalMenuLauncher;
			sourceTree = "<group>";
		};
		ED82257124EB5FD50040E115 /* Preview Content */ = {
			isa = PBXGroup;
			children = (
				ED82257224EB5FD50040E115 /* Preview Assets.xcassets */,
			);
			path = "Preview Content";
			sourceTree = "<group>";
		};
		ED82257E24EB60670040E115 /* Frameworks */ = {
			isa = PBXGroup;
			children = (
				ED3A0B7E261C0E9100A44DAE /* ApplicationServices.framework */,
				ED3A0B6D261BE88C00A44DAE /* Sparkle.framework */,
				ED82257F24EB60680040E115 /* ServiceManagement.framework */,
			);
			name = Frameworks;
			sourceTree = "<group>";
		};
		EDC28759261B8044006A583D /* releases */ = {
			isa = PBXGroup;
			children = (
				EDC2875A261B8044006A583D /* appcast.xml */,
			);
			path = releases;
			sourceTree = "<group>";
		};
/* End PBXGroup section */

/* Begin PBXNativeTarget section */
		ED25B16224E719B700371D24 /* CalMenu */ = {
			isa = PBXNativeTarget;
			buildConfigurationList = ED25B17324E719BC00371D24 /* Build configuration list for PBXNativeTarget "CalMenu" */;
			buildPhases = (
				ED25B15F24E719B700371D24 /* Sources */,
				ED25B16024E719B700371D24 /* Frameworks */,
				ED25B16124E719B700371D24 /* Resources */,
				EDC2875E261B9347006A583D /* CopyFiles */,
				EDC28753261B74C9006A583D /* Embed Frameworks */,
			);
			buildRules = (
			);
			dependencies = (
				EDC28789261BC6A3006A583D /* PBXTargetDependency */,
			);
			name = CalMenu;
			packageProductDependencies = (
				ED6A43AF261AAA7200067D18 /* KeyboardShortcuts */,
			);
			productName = CalMenu;
			productReference = ED25B16324E719B700371D24 /* CalMenu.app */;
			productType = "com.apple.product-type.application";
		};
		ED82256824EB5FCD0040E115 /* CalMenuLauncher */ = {
			isa = PBXNativeTarget;
			buildConfigurationList = ED82257924EB5FD50040E115 /* Build configuration list for PBXNativeTarget "CalMenuLauncher" */;
			buildPhases = (
				ED82256524EB5FCD0040E115 /* Sources */,
				ED82256624EB5FCD0040E115 /* Frameworks */,
				ED82256724EB5FCD0040E115 /* Resources */,
			);
			buildRules = (
			);
			dependencies = (
			);
			name = CalMenuLauncher;
			productName = CalMenuLauncher;
			productReference = ED82256924EB5FCD0040E115 /* CalMenuLauncher.app */;
			productType = "com.apple.product-type.application";
		};
/* End PBXNativeTarget section */

/* Begin PBXProject section */
		ED25B15B24E719B700371D24 /* Project object */ = {
			isa = PBXProject;
			attributes = {
				LastSwiftUpdateCheck = 1160;
				LastUpgradeCheck = 1200;
				ORGANIZATIONNAME = "Fernando Crespo";
				TargetAttributes = {
					ED25B16224E719B700371D24 = {
						CreatedOnToolsVersion = 11.6;
					};
					ED82256824EB5FCD0040E115 = {
						CreatedOnToolsVersion = 11.6;
					};
				};
			};
			buildConfigurationList = ED25B15E24E719B700371D24 /* Build configuration list for PBXProject "CalMenu" */;
			compatibilityVersion = "Xcode 9.3";
			developmentRegion = en;
			hasScannedForEncodings = 0;
			knownRegions = (
				en,
				Base,
				"pt-BR",
			);
			mainGroup = ED25B15A24E719B700371D24;
			packageReferences = (
				ED6A43AE261AAA7200067D18 /* XCRemoteSwiftPackageReference "KeyboardShortcuts" */,
			);
			productRefGroup = ED25B16424E719B700371D24 /* Products */;
			projectDirPath = "";
			projectRoot = "";
			targets = (
				ED25B16224E719B700371D24 /* CalMenu */,
				ED82256824EB5FCD0040E115 /* CalMenuLauncher */,
			);
		};
/* End PBXProject section */

/* Begin PBXResourcesBuildPhase section */
		ED25B16124E719B700371D24 /* Resources */ = {
			isa = PBXResourcesBuildPhase;
			buildActionMask = 2147483647;
			files = (
				ED82251D24E78A860040E115 /* Main.storyboard in Resources */,
				ED25B16B24E719BC00371D24 /* Assets.xcassets in Resources */,
				ED82251624E787230040E115 /* Localizable.strings in Resources */,
			);
			runOnlyForDeploymentPostprocessing = 0;
		};
		ED82256724EB5FCD0040E115 /* Resources */ = {
			isa = PBXResourcesBuildPhase;
			buildActionMask = 2147483647;
			files = (
				ED82257624EB5FD50040E115 /* Main.storyboard in Resources */,
				EDC2877F261BC3E7006A583D /* Assets.xcassets in Resources */,
				ED82257324EB5FD50040E115 /* Preview Assets.xcassets in Resources */,
			);
			runOnlyForDeploymentPostprocessing = 0;
		};
/* End PBXResourcesBuildPhase section */

/* Begin PBXSourcesBuildPhase section */
		ED25B15F24E719B700371D24 /* Sources */ = {
			isa = PBXSourcesBuildPhase;
			buildActionMask = 2147483647;
			files = (
				ED82256424EA04A80040E115 /* WeekHeaderView.swift in Sources */,
				ED82258224EB60CF0040E115 /* LoginItemHelper.swift in Sources */,
				ED82256224E9E4580040E115 /* WeekView.swift in Sources */,
				EDC28757261B7A4F006A583D /* UpdaterHelper.swift in Sources */,
				ED25B17924E7213C00371D24 /* CalView.swift in Sources */,
				ED3A0B89261E1A8100A44DAE /* ToolbarView.swift in Sources */,
				ED6536C9261FE475003FD322 /* Toolbar.swift in Sources */,
				ED6A43B9261AAC7200067D18 /* Constants.swift in Sources */,
				ED82255E24E9B9400040E115 /* DayView.swift in Sources */,
				ED6536FD2620B1F7003FD322 /* GeneralTab.swift in Sources */,
				ED6537062620D656003FD322 /* Test.swift in Sources */,
				ED82255C24E9843A0040E115 /* SettingsView.swift in Sources */,
				ED6537002620B298003FD322 /* DonateTab.swift in Sources */,
				EDC28798261BCE14006A583D /* Constants+CalMenu.swift in Sources */,
				ED82255A24E7933F0040E115 /* CalendarHelper.swift in Sources */,
				ED25B16724E719B700371D24 /* AppDelegate.swift in Sources */,
				ED6537032620B2CB003FD322 /* UpdateTab.swift in Sources */,
			);
			runOnlyForDeploymentPostprocessing = 0;
		};
		ED82256524EB5FCD0040E115 /* Sources */ = {
			isa = PBXSourcesBuildPhase;
			buildActionMask = 2147483647;
			files = (
				ED82258524EB61BC0040E115 /* LoginItemHelper.swift in Sources */,
				ED82256C24EB5FCE0040E115 /* AppDelegate.swift in Sources */,
				EDC28795261BCDDC006A583D /* Constants.swift in Sources */,
			);
			runOnlyForDeploymentPostprocessing = 0;
		};
/* End PBXSourcesBuildPhase section */

/* Begin PBXTargetDependency section */
		EDC28789261BC6A3006A583D /* PBXTargetDependency */ = {
			isa = PBXTargetDependency;
			target = ED82256824EB5FCD0040E115 /* CalMenuLauncher */;
			targetProxy = EDC28788261BC6A3006A583D /* PBXContainerItemProxy */;
		};
/* End PBXTargetDependency section */

/* Begin PBXVariantGroup section */
		ED82251424E787230040E115 /* Localizable.strings */ = {
			isa = PBXVariantGroup;
			children = (
				ED82251524E787230040E115 /* Base */,
				ED82251824E787420040E115 /* pt-BR */,
			);
			name = Localizable.strings;
			sourceTree = "<group>";
		};
		ED82257424EB5FD50040E115 /* Main.storyboard */ = {
			isa = PBXVariantGroup;
			children = (
				ED82257524EB5FD50040E115 /* Base */,
			);
			name = Main.storyboard;
			sourceTree = "<group>";
		};
/* End PBXVariantGroup section */

/* Begin XCBuildConfiguration section */
		ED25B17124E719BC00371D24 /* Debug */ = {
			isa = XCBuildConfiguration;
			buildSettings = {
				ALWAYS_SEARCH_USER_PATHS = NO;
				CLANG_ANALYZER_LOCALIZABILITY_NONLOCALIZED = YES;
				CLANG_ANALYZER_NONNULL = YES;
				CLANG_ANALYZER_NUMBER_OBJECT_CONVERSION = YES_AGGRESSIVE;
				CLANG_CXX_LANGUAGE_STANDARD = "gnu++14";
				CLANG_CXX_LIBRARY = "libc++";
				CLANG_ENABLE_MODULES = YES;
				CLANG_ENABLE_OBJC_ARC = YES;
				CLANG_ENABLE_OBJC_WEAK = YES;
				CLANG_WARN_BLOCK_CAPTURE_AUTORELEASING = YES;
				CLANG_WARN_BOOL_CONVERSION = YES;
				CLANG_WARN_COMMA = YES;
				CLANG_WARN_CONSTANT_CONVERSION = YES;
				CLANG_WARN_DEPRECATED_OBJC_IMPLEMENTATIONS = YES;
				CLANG_WARN_DIRECT_OBJC_ISA_USAGE = YES_ERROR;
				CLANG_WARN_DOCUMENTATION_COMMENTS = YES;
				CLANG_WARN_EMPTY_BODY = YES;
				CLANG_WARN_ENUM_CONVERSION = YES;
				CLANG_WARN_INFINITE_RECURSION = YES;
				CLANG_WARN_INT_CONVERSION = YES;
				CLANG_WARN_NON_LITERAL_NULL_CONVERSION = YES;
				CLANG_WARN_OBJC_IMPLICIT_RETAIN_SELF = YES;
				CLANG_WARN_OBJC_LITERAL_CONVERSION = YES;
				CLANG_WARN_OBJC_ROOT_CLASS = YES_ERROR;
				CLANG_WARN_QUOTED_INCLUDE_IN_FRAMEWORK_HEADER = YES;
				CLANG_WARN_RANGE_LOOP_ANALYSIS = YES;
				CLANG_WARN_STRICT_PROTOTYPES = YES;
				CLANG_WARN_SUSPICIOUS_MOVE = YES;
				CLANG_WARN_UNGUARDED_AVAILABILITY = YES_AGGRESSIVE;
				CLANG_WARN_UNREACHABLE_CODE = YES;
				CLANG_WARN__DUPLICATE_METHOD_MATCH = YES;
				COPY_PHASE_STRIP = NO;
				DEBUG_INFORMATION_FORMAT = dwarf;
				ENABLE_STRICT_OBJC_MSGSEND = YES;
				ENABLE_TESTABILITY = YES;
				GCC_C_LANGUAGE_STANDARD = gnu11;
				GCC_DYNAMIC_NO_PIC = NO;
				GCC_NO_COMMON_BLOCKS = YES;
				GCC_OPTIMIZATION_LEVEL = 0;
				GCC_PREPROCESSOR_DEFINITIONS = (
					"DEBUG=1",
					"$(inherited)",
				);
				GCC_WARN_64_TO_32_BIT_CONVERSION = YES;
				GCC_WARN_ABOUT_RETURN_TYPE = YES_ERROR;
				GCC_WARN_UNDECLARED_SELECTOR = YES;
				GCC_WARN_UNINITIALIZED_AUTOS = YES_AGGRESSIVE;
				GCC_WARN_UNUSED_FUNCTION = YES;
				GCC_WARN_UNUSED_VARIABLE = YES;
				MACOSX_DEPLOYMENT_TARGET = 10.15;
				MTL_ENABLE_DEBUG_INFO = INCLUDE_SOURCE;
				MTL_FAST_MATH = YES;
				ONLY_ACTIVE_ARCH = YES;
				SDKROOT = macosx;
				SWIFT_ACTIVE_COMPILATION_CONDITIONS = DEBUG;
				SWIFT_OPTIMIZATION_LEVEL = "-Onone";
			};
			name = Debug;
		};
		ED25B17224E719BC00371D24 /* Release */ = {
			isa = XCBuildConfiguration;
			buildSettings = {
				ALWAYS_SEARCH_USER_PATHS = NO;
				CLANG_ANALYZER_LOCALIZABILITY_NONLOCALIZED = YES;
				CLANG_ANALYZER_NONNULL = YES;
				CLANG_ANALYZER_NUMBER_OBJECT_CONVERSION = YES_AGGRESSIVE;
				CLANG_CXX_LANGUAGE_STANDARD = "gnu++14";
				CLANG_CXX_LIBRARY = "libc++";
				CLANG_ENABLE_MODULES = YES;
				CLANG_ENABLE_OBJC_ARC = YES;
				CLANG_ENABLE_OBJC_WEAK = YES;
				CLANG_WARN_BLOCK_CAPTURE_AUTORELEASING = YES;
				CLANG_WARN_BOOL_CONVERSION = YES;
				CLANG_WARN_COMMA = YES;
				CLANG_WARN_CONSTANT_CONVERSION = YES;
				CLANG_WARN_DEPRECATED_OBJC_IMPLEMENTATIONS = YES;
				CLANG_WARN_DIRECT_OBJC_ISA_USAGE = YES_ERROR;
				CLANG_WARN_DOCUMENTATION_COMMENTS = YES;
				CLANG_WARN_EMPTY_BODY = YES;
				CLANG_WARN_ENUM_CONVERSION = YES;
				CLANG_WARN_INFINITE_RECURSION = YES;
				CLANG_WARN_INT_CONVERSION = YES;
				CLANG_WARN_NON_LITERAL_NULL_CONVERSION = YES;
				CLANG_WARN_OBJC_IMPLICIT_RETAIN_SELF = YES;
				CLANG_WARN_OBJC_LITERAL_CONVERSION = YES;
				CLANG_WARN_OBJC_ROOT_CLASS = YES_ERROR;
				CLANG_WARN_QUOTED_INCLUDE_IN_FRAMEWORK_HEADER = YES;
				CLANG_WARN_RANGE_LOOP_ANALYSIS = YES;
				CLANG_WARN_STRICT_PROTOTYPES = YES;
				CLANG_WARN_SUSPICIOUS_MOVE = YES;
				CLANG_WARN_UNGUARDED_AVAILABILITY = YES_AGGRESSIVE;
				CLANG_WARN_UNREACHABLE_CODE = YES;
				CLANG_WARN__DUPLICATE_METHOD_MATCH = YES;
				COPY_PHASE_STRIP = NO;
				DEBUG_INFORMATION_FORMAT = "dwarf-with-dsym";
				ENABLE_NS_ASSERTIONS = NO;
				ENABLE_STRICT_OBJC_MSGSEND = YES;
				GCC_C_LANGUAGE_STANDARD = gnu11;
				GCC_NO_COMMON_BLOCKS = YES;
				GCC_WARN_64_TO_32_BIT_CONVERSION = YES;
				GCC_WARN_ABOUT_RETURN_TYPE = YES_ERROR;
				GCC_WARN_UNDECLARED_SELECTOR = YES;
				GCC_WARN_UNINITIALIZED_AUTOS = YES_AGGRESSIVE;
				GCC_WARN_UNUSED_FUNCTION = YES;
				GCC_WARN_UNUSED_VARIABLE = YES;
				MACOSX_DEPLOYMENT_TARGET = 10.15;
				MTL_ENABLE_DEBUG_INFO = NO;
				MTL_FAST_MATH = YES;
				SDKROOT = macosx;
				SWIFT_COMPILATION_MODE = wholemodule;
				SWIFT_OPTIMIZATION_LEVEL = "-O";
			};
			name = Release;
		};
		ED25B17424E719BC00371D24 /* Debug */ = {
			isa = XCBuildConfiguration;
			buildSettings = {
				ASSETCATALOG_COMPILER_APPICON_NAME = AppIcon;
				CODE_SIGN_ENTITLEMENTS = CalMenu/CalMenu.entitlements;
				CODE_SIGN_IDENTITY = "Apple Development";
				CODE_SIGN_STYLE = Automatic;
				COMBINE_HIDPI_IMAGES = YES;
				CURRENT_PROJECT_VERSION = 120;
				DEVELOPMENT_ASSET_PATHS = "CalMenuLauncher/Preview\\ Content";
				DEVELOPMENT_TEAM = DWJ2ZWUP8Q;
				ENABLE_HARDENED_RUNTIME = YES;
				FRAMEWORK_SEARCH_PATHS = (
					"$(inherited)",
					"$(PROJECT_DIR)",
				);
				INFOPLIST_FILE = CalMenu/Info.plist;
				LD_RUNPATH_SEARCH_PATHS = (
					"$(inherited)",
					"@executable_path/../Frameworks",
				);
				MARKETING_VERSION = 1.2.0;
				PRODUCT_BUNDLE_IDENTIFIER = br.com.crespo.CalMenu;
				PRODUCT_NAME = "$(TARGET_NAME)";
				SWIFT_VERSION = 5.0;
			};
			name = Debug;
		};
		ED25B17524E719BC00371D24 /* Release */ = {
			isa = XCBuildConfiguration;
			buildSettings = {
				ASSETCATALOG_COMPILER_APPICON_NAME = AppIcon;
				CODE_SIGN_ENTITLEMENTS = CalMenu/CalMenu.entitlements;
				CODE_SIGN_IDENTITY = "Apple Development";
				CODE_SIGN_STYLE = Automatic;
				COMBINE_HIDPI_IMAGES = YES;
				CURRENT_PROJECT_VERSION = 120;
				DEVELOPMENT_ASSET_PATHS = "CalMenuLauncher/Preview\\ Content";
				DEVELOPMENT_TEAM = DWJ2ZWUP8Q;
				ENABLE_HARDENED_RUNTIME = YES;
				FRAMEWORK_SEARCH_PATHS = (
					"$(inherited)",
					"$(PROJECT_DIR)",
				);
				INFOPLIST_FILE = CalMenu/Info.plist;
				LD_RUNPATH_SEARCH_PATHS = (
					"$(inherited)",
					"@executable_path/../Frameworks",
				);
				MARKETING_VERSION = 1.2.0;
				PRODUCT_BUNDLE_IDENTIFIER = br.com.crespo.CalMenu;
				PRODUCT_NAME = "$(TARGET_NAME)";
				SWIFT_VERSION = 5.0;
			};
			name = Release;
		};
		ED82257A24EB5FD50040E115 /* Debug */ = {
			isa = XCBuildConfiguration;
			buildSettings = {
				ASSETCATALOG_COMPILER_APPICON_NAME = AppIcon;
				CODE_SIGN_ENTITLEMENTS = CalMenuLauncher/CalMenuLauncher.entitlements;
				CODE_SIGN_IDENTITY = "Apple Development";
				CODE_SIGN_STYLE = Automatic;
				COMBINE_HIDPI_IMAGES = YES;
				CURRENT_PROJECT_VERSION = 100;
				DEVELOPMENT_ASSET_PATHS = "\"CalMenuLauncher/Preview Content\"";
				DEVELOPMENT_TEAM = DWJ2ZWUP8Q;
				ENABLE_HARDENED_RUNTIME = YES;
				ENABLE_PREVIEWS = YES;
				INFOPLIST_FILE = CalMenuLauncher/Info.plist;
				LD_RUNPATH_SEARCH_PATHS = (
					"$(inherited)",
					"@executable_path/../Frameworks",
				);
				MACOSX_DEPLOYMENT_TARGET = 10.15;
				MARKETING_VERSION = 1.0.0;
				PRODUCT_BUNDLE_IDENTIFIER = br.com.crespo.CalMenu.Launcher;
				PRODUCT_NAME = "$(TARGET_NAME)";
				SKIP_INSTALL = YES;
				SWIFT_VERSION = 5.0;
			};
			name = Debug;
		};
		ED82257B24EB5FD50040E115 /* Release */ = {
			isa = XCBuildConfiguration;
			buildSettings = {
				ASSETCATALOG_COMPILER_APPICON_NAME = AppIcon;
				CODE_SIGN_ENTITLEMENTS = CalMenuLauncher/CalMenuLauncher.entitlements;
				CODE_SIGN_IDENTITY = "Apple Development";
				CODE_SIGN_STYLE = Automatic;
				COMBINE_HIDPI_IMAGES = YES;
				CURRENT_PROJECT_VERSION = 100;
				DEVELOPMENT_ASSET_PATHS = "\"CalMenuLauncher/Preview Content\"";
				DEVELOPMENT_TEAM = DWJ2ZWUP8Q;
				ENABLE_HARDENED_RUNTIME = YES;
				ENABLE_PREVIEWS = YES;
				INFOPLIST_FILE = CalMenuLauncher/Info.plist;
				LD_RUNPATH_SEARCH_PATHS = (
					"$(inherited)",
					"@executable_path/../Frameworks",
				);
				MACOSX_DEPLOYMENT_TARGET = 10.15;
				MARKETING_VERSION = 1.0.0;
				PRODUCT_BUNDLE_IDENTIFIER = br.com.crespo.CalMenu.Launcher;
				PRODUCT_NAME = "$(TARGET_NAME)";
				SKIP_INSTALL = YES;
				SWIFT_VERSION = 5.0;
			};
			name = Release;
		};
/* End XCBuildConfiguration section */

/* Begin XCConfigurationList section */
		ED25B15E24E719B700371D24 /* Build configuration list for PBXProject "CalMenu" */ = {
			isa = XCConfigurationList;
			buildConfigurations = (
				ED25B17124E719BC00371D24 /* Debug */,
				ED25B17224E719BC00371D24 /* Release */,
			);
			defaultConfigurationIsVisible = 0;
			defaultConfigurationName = Release;
		};
		ED25B17324E719BC00371D24 /* Build configuration list for PBXNativeTarget "CalMenu" */ = {
			isa = XCConfigurationList;
			buildConfigurations = (
				ED25B17424E719BC00371D24 /* Debug */,
				ED25B17524E719BC00371D24 /* Release */,
			);
			defaultConfigurationIsVisible = 0;
			defaultConfigurationName = Release;
		};
		ED82257924EB5FD50040E115 /* Build configuration list for PBXNativeTarget "CalMenuLauncher" */ = {
			isa = XCConfigurationList;
			buildConfigurations = (
				ED82257A24EB5FD50040E115 /* Debug */,
				ED82257B24EB5FD50040E115 /* Release */,
			);
			defaultConfigurationIsVisible = 0;
			defaultConfigurationName = Release;
		};
/* End XCConfigurationList section */

/* Begin XCRemoteSwiftPackageReference section */
		ED6A43AE261AAA7200067D18 /* XCRemoteSwiftPackageReference "KeyboardShortcuts" */ = {
			isa = XCRemoteSwiftPackageReference;
			repositoryURL = "https://github.com/sindresorhus/KeyboardShortcuts";
			requirement = {
				kind = upToNextMajorVersion;
				minimumVersion = 1.0.0;
			};
		};
/* End XCRemoteSwiftPackageReference section */

/* Begin XCSwiftPackageProductDependency section */
		ED6A43AF261AAA7200067D18 /* KeyboardShortcuts */ = {
			isa = XCSwiftPackageProductDependency;
			package = ED6A43AE261AAA7200067D18 /* XCRemoteSwiftPackageReference "KeyboardShortcuts" */;
			productName = KeyboardShortcuts;
		};
/* End XCSwiftPackageProductDependency section */
	};
	rootObject = ED25B15B24E719B700371D24 /* Project object */;
}
